// !$*UTF8*$!
{
	archiveVersion = 1;
	classes = {
	};
	objectVersion = 46;
	objects = {

/* Begin PBXBuildFile section */
		AD09C9271CE6920D0093AB6B /* Assets.xcassets in Resources */ = {isa = PBXBuildFile; fileRef = AD09C9261CE6920D0093AB6B /* Assets.xcassets */; };
		AD23238B1D4D810600A7B03A /* UserLife.swift in Sources */ = {isa = PBXBuildFile; fileRef = AD23238A1D4D810600A7B03A /* UserLife.swift */; };
		AD2927471D44428700B16BAA /* UserSpaceShipShot.swift in Sources */ = {isa = PBXBuildFile; fileRef = AD2927461D44428700B16BAA /* UserSpaceShipShot.swift */; };
		AD29AE4C1CF23B280051B3DC /* engine.wav in Resources */ = {isa = PBXBuildFile; fileRef = AD29AE491CF23B280051B3DC /* engine.wav */; };
		AD29AE4E1CF23B280051B3DC /* shot.wav in Resources */ = {isa = PBXBuildFile; fileRef = AD29AE4B1CF23B280051B3DC /* shot.wav */; };
		AD29AE501CF23E480051B3DC /* explosion.wav in Resources */ = {isa = PBXBuildFile; fileRef = AD29AE4F1CF23E480051B3DC /* explosion.wav */; };
		AD9438D51CE3F69000196F7D /* AppDelegate.swift in Sources */ = {isa = PBXBuildFile; fileRef = AD9438D41CE3F69000196F7D /* AppDelegate.swift */; };
		AD9438D71CE3F69000196F7D /* GameScene.sks in Resources */ = {isa = PBXBuildFile; fileRef = AD9438D61CE3F69000196F7D /* GameScene.sks */; };
		AD9438D91CE3F69000196F7D /* GameScene.swift in Sources */ = {isa = PBXBuildFile; fileRef = AD9438D81CE3F69000196F7D /* GameScene.swift */; };
		AD9438DB1CE3F69000196F7D /* GameViewController.swift in Sources */ = {isa = PBXBuildFile; fileRef = AD9438DA1CE3F69000196F7D /* GameViewController.swift */; };
		AD9438DE1CE3F69000196F7D /* Main.storyboard in Resources */ = {isa = PBXBuildFile; fileRef = AD9438DC1CE3F69000196F7D /* Main.storyboard */; };
		AD9438E31CE3F69000196F7D /* LaunchScreen.storyboard in Resources */ = {isa = PBXBuildFile; fileRef = AD9438E11CE3F69000196F7D /* LaunchScreen.storyboard */; };
		AD9438EE1CE3F69000196F7D /* SpriteKitPrueba1Tests.swift in Sources */ = {isa = PBXBuildFile; fileRef = AD9438ED1CE3F69000196F7D /* SpriteKitPrueba1Tests.swift */; };
		AD9438F91CE3F69100196F7D /* SpriteKitPrueba1UITests.swift in Sources */ = {isa = PBXBuildFile; fileRef = AD9438F81CE3F69100196F7D /* SpriteKitPrueba1UITests.swift */; };
		AD98D8F01D32DBF000B11BA8 /* UserSpaceShipTests.swift in Sources */ = {isa = PBXBuildFile; fileRef = AD98D8EF1D32DBF000B11BA8 /* UserSpaceShipTests.swift */; };
		AD98D8F21D32DC2700B11BA8 /* UserSpaceShip.swift in Sources */ = {isa = PBXBuildFile; fileRef = AD98D8F11D32DC2700B11BA8 /* UserSpaceShip.swift */; };
		AD98D8F51D32DEE400B11BA8 /* PhysicsCategory.swift in Sources */ = {isa = PBXBuildFile; fileRef = AD98D8F41D32DEE400B11BA8 /* PhysicsCategory.swift */; };
		ADA0D51A1D307D2E0052E49D /* ScoreBusiness.swift in Sources */ = {isa = PBXBuildFile; fileRef = ADA0D5191D307D2E0052E49D /* ScoreBusiness.swift */; };
		ADB67ADF1D0F7CE000E9DEB0 /* GameLostScene.sks in Resources */ = {isa = PBXBuildFile; fileRef = ADB67ADE1D0F7CE000E9DEB0 /* GameLostScene.sks */; };
		ADB67AE11D0F7DCB00E9DEB0 /* GameLostScene.swift in Sources */ = {isa = PBXBuildFile; fileRef = ADB67AE01D0F7DCB00E9DEB0 /* GameLostScene.swift */; };
		ADB67AE31D0F7F4400E9DEB0 /* GameWonScene.swift in Sources */ = {isa = PBXBuildFile; fileRef = ADB67AE21D0F7F4400E9DEB0 /* GameWonScene.swift */; };
		ADB67AE51D0F7F5C00E9DEB0 /* GameWonScene.sks in Resources */ = {isa = PBXBuildFile; fileRef = ADB67AE41D0F7F5C00E9DEB0 /* GameWonScene.sks */; };
		ADCF42691CFB99C30088D102 /* GameStartScene.swift in Sources */ = {isa = PBXBuildFile; fileRef = ADCF42681CFB99C30088D102 /* GameStartScene.swift */; };
		ADCF426B1CFBA1370088D102 /* GameStartScene.sks in Resources */ = {isa = PBXBuildFile; fileRef = ADCF426A1CFBA1370088D102 /* GameStartScene.sks */; };
		ADFA66BD1D42C07200885A45 /* UfoSpaceShip.swift in Sources */ = {isa = PBXBuildFile; fileRef = ADFA66BC1D42C07200885A45 /* UfoSpaceShip.swift */; };
		ADFA66BF1D42C32F00885A45 /* EnemySpaceShipBase.swift in Sources */ = {isa = PBXBuildFile; fileRef = ADFA66BE1D42C32F00885A45 /* EnemySpaceShipBase.swift */; };
		ADFA66C11D42C46900885A45 /* SpaceShipBase.swift in Sources */ = {isa = PBXBuildFile; fileRef = ADFA66C01D42C46900885A45 /* SpaceShipBase.swift */; };
		ADFA66C31D42C9BE00885A45 /* EnemySpaceShip.swift in Sources */ = {isa = PBXBuildFile; fileRef = ADFA66C21D42C9BE00885A45 /* EnemySpaceShip.swift */; };
		ADFA66C51D42CD0600885A45 /* MathHelper.swift in Sources */ = {isa = PBXBuildFile; fileRef = ADFA66C41D42CD0600885A45 /* MathHelper.swift */; };
		ADFE1F371CED419300786423 /* ShipExplotionParticle.sks in Resources */ = {isa = PBXBuildFile; fileRef = ADFE1F351CED419300786423 /* ShipExplotionParticle.sks */; };
		ADFE1F381CED419300786423 /* spark.png in Resources */ = {isa = PBXBuildFile; fileRef = ADFE1F361CED419300786423 /* spark.png */; };
/* End PBXBuildFile section */

/* Begin PBXContainerItemProxy section */
		AD9438EA1CE3F69000196F7D /* PBXContainerItemProxy */ = {
			isa = PBXContainerItemProxy;
			containerPortal = AD9438C91CE3F69000196F7D /* Project object */;
			proxyType = 1;
			remoteGlobalIDString = AD9438D01CE3F69000196F7D;
			remoteInfo = SpriteKitPrueba1;
		};
		AD9438F51CE3F69100196F7D /* PBXContainerItemProxy */ = {
			isa = PBXContainerItemProxy;
			containerPortal = AD9438C91CE3F69000196F7D /* Project object */;
			proxyType = 1;
			remoteGlobalIDString = AD9438D01CE3F69000196F7D;
			remoteInfo = SpriteKitPrueba1;
		};
/* End PBXContainerItemProxy section */

/* Begin PBXFileReference section */
		AD09C9261CE6920D0093AB6B /* Assets.xcassets */ = {isa = PBXFileReference; lastKnownFileType = folder.assetcatalog; path = Assets.xcassets; sourceTree = "<group>"; };
		AD23238A1D4D810600A7B03A /* UserLife.swift */ = {isa = PBXFileReference; fileEncoding = 4; lastKnownFileType = sourcecode.swift; path = UserLife.swift; sourceTree = "<group>"; };
		AD2927461D44428700B16BAA /* UserSpaceShipShot.swift */ = {isa = PBXFileReference; fileEncoding = 4; lastKnownFileType = sourcecode.swift; path = UserSpaceShipShot.swift; sourceTree = "<group>"; };
		AD29AE491CF23B280051B3DC /* engine.wav */ = {isa = PBXFileReference; lastKnownFileType = audio.wav; name = engine.wav; path = Sounds/engine.wav; sourceTree = "<group>"; };
		AD29AE4B1CF23B280051B3DC /* shot.wav */ = {isa = PBXFileReference; lastKnownFileType = audio.wav; name = shot.wav; path = Sounds/shot.wav; sourceTree = "<group>"; };
		AD29AE4F1CF23E480051B3DC /* explosion.wav */ = {isa = PBXFileReference; lastKnownFileType = audio.wav; name = explosion.wav; path = Sounds/explosion.wav; sourceTree = "<group>"; };
		AD9438D11CE3F69000196F7D /* SpriteKitPrueba1.app */ = {isa = PBXFileReference; explicitFileType = wrapper.application; includeInIndex = 0; path = SpriteKitPrueba1.app; sourceTree = BUILT_PRODUCTS_DIR; };
		AD9438D41CE3F69000196F7D /* AppDelegate.swift */ = {isa = PBXFileReference; lastKnownFileType = sourcecode.swift; path = AppDelegate.swift; sourceTree = "<group>"; };
		AD9438D61CE3F69000196F7D /* GameScene.sks */ = {isa = PBXFileReference; lastKnownFileType = file.sks; path = GameScene.sks; sourceTree = "<group>"; };
		AD9438D81CE3F69000196F7D /* GameScene.swift */ = {isa = PBXFileReference; lastKnownFileType = sourcecode.swift; path = GameScene.swift; sourceTree = "<group>"; usesTabs = 1; wrapsLines = 0; };
		AD9438DA1CE3F69000196F7D /* GameViewController.swift */ = {isa = PBXFileReference; lastKnownFileType = sourcecode.swift; path = GameViewController.swift; sourceTree = "<group>"; };
		AD9438DD1CE3F69000196F7D /* Base */ = {isa = PBXFileReference; lastKnownFileType = file.storyboard; name = Base; path = Base.lproj/Main.storyboard; sourceTree = "<group>"; };
		AD9438E21CE3F69000196F7D /* Base */ = {isa = PBXFileReference; lastKnownFileType = file.storyboard; name = Base; path = Base.lproj/LaunchScreen.storyboard; sourceTree = "<group>"; };
		AD9438E41CE3F69000196F7D /* Info.plist */ = {isa = PBXFileReference; lastKnownFileType = text.plist.xml; path = Info.plist; sourceTree = "<group>"; };
		AD9438E91CE3F69000196F7D /* SpriteKitPrueba1Tests.xctest */ = {isa = PBXFileReference; explicitFileType = wrapper.cfbundle; includeInIndex = 0; path = SpriteKitPrueba1Tests.xctest; sourceTree = BUILT_PRODUCTS_DIR; };
		AD9438ED1CE3F69000196F7D /* SpriteKitPrueba1Tests.swift */ = {isa = PBXFileReference; lastKnownFileType = sourcecode.swift; path = SpriteKitPrueba1Tests.swift; sourceTree = "<group>"; };
		AD9438EF1CE3F69000196F7D /* Info.plist */ = {isa = PBXFileReference; lastKnownFileType = text.plist.xml; path = Info.plist; sourceTree = "<group>"; };
		AD9438F41CE3F69100196F7D /* SpriteKitPrueba1UITests.xctest */ = {isa = PBXFileReference; explicitFileType = wrapper.cfbundle; includeInIndex = 0; path = SpriteKitPrueba1UITests.xctest; sourceTree = BUILT_PRODUCTS_DIR; };
		AD9438F81CE3F69100196F7D /* SpriteKitPrueba1UITests.swift */ = {isa = PBXFileReference; lastKnownFileType = sourcecode.swift; path = SpriteKitPrueba1UITests.swift; sourceTree = "<group>"; };
		AD9438FA1CE3F69100196F7D /* Info.plist */ = {isa = PBXFileReference; lastKnownFileType = text.plist.xml; path = Info.plist; sourceTree = "<group>"; };
		AD98D8EF1D32DBF000B11BA8 /* UserSpaceShipTests.swift */ = {isa = PBXFileReference; fileEncoding = 4; lastKnownFileType = sourcecode.swift; path = UserSpaceShipTests.swift; sourceTree = "<group>"; };
		AD98D8F11D32DC2700B11BA8 /* UserSpaceShip.swift */ = {isa = PBXFileReference; fileEncoding = 4; lastKnownFileType = sourcecode.swift; path = UserSpaceShip.swift; sourceTree = "<group>"; };
		AD98D8F41D32DEE400B11BA8 /* PhysicsCategory.swift */ = {isa = PBXFileReference; fileEncoding = 4; lastKnownFileType = sourcecode.swift; path = PhysicsCategory.swift; sourceTree = "<group>"; };
		ADA0D5191D307D2E0052E49D /* ScoreBusiness.swift */ = {isa = PBXFileReference; fileEncoding = 4; lastKnownFileType = sourcecode.swift; path = ScoreBusiness.swift; sourceTree = "<group>"; };
		ADB67ADE1D0F7CE000E9DEB0 /* GameLostScene.sks */ = {isa = PBXFileReference; lastKnownFileType = file.sks; path = GameLostScene.sks; sourceTree = "<group>"; };
		ADB67AE01D0F7DCB00E9DEB0 /* GameLostScene.swift */ = {isa = PBXFileReference; fileEncoding = 4; lastKnownFileType = sourcecode.swift; path = GameLostScene.swift; sourceTree = "<group>"; };
		ADB67AE21D0F7F4400E9DEB0 /* GameWonScene.swift */ = {isa = PBXFileReference; fileEncoding = 4; lastKnownFileType = sourcecode.swift; path = GameWonScene.swift; sourceTree = "<group>"; };
		ADB67AE41D0F7F5C00E9DEB0 /* GameWonScene.sks */ = {isa = PBXFileReference; lastKnownFileType = file.sks; path = GameWonScene.sks; sourceTree = "<group>"; };
		ADCF42681CFB99C30088D102 /* GameStartScene.swift */ = {isa = PBXFileReference; fileEncoding = 4; lastKnownFileType = sourcecode.swift; path = GameStartScene.swift; sourceTree = "<group>"; };
		ADCF426A1CFBA1370088D102 /* GameStartScene.sks */ = {isa = PBXFileReference; lastKnownFileType = file.sks; path = GameStartScene.sks; sourceTree = "<group>"; };
		ADFA66BC1D42C07200885A45 /* UfoSpaceShip.swift */ = {isa = PBXFileReference; fileEncoding = 4; lastKnownFileType = sourcecode.swift; path = UfoSpaceShip.swift; sourceTree = "<group>"; };
		ADFA66BE1D42C32F00885A45 /* EnemySpaceShipBase.swift */ = {isa = PBXFileReference; fileEncoding = 4; lastKnownFileType = sourcecode.swift; path = EnemySpaceShipBase.swift; sourceTree = "<group>"; };
		ADFA66C01D42C46900885A45 /* SpaceShipBase.swift */ = {isa = PBXFileReference; fileEncoding = 4; lastKnownFileType = sourcecode.swift; path = SpaceShipBase.swift; sourceTree = "<group>"; };
		ADFA66C21D42C9BE00885A45 /* EnemySpaceShip.swift */ = {isa = PBXFileReference; fileEncoding = 4; lastKnownFileType = sourcecode.swift; path = EnemySpaceShip.swift; sourceTree = "<group>"; };
		ADFA66C41D42CD0600885A45 /* MathHelper.swift */ = {isa = PBXFileReference; fileEncoding = 4; lastKnownFileType = sourcecode.swift; path = MathHelper.swift; sourceTree = "<group>"; };
		ADFE1F351CED419300786423 /* ShipExplotionParticle.sks */ = {isa = PBXFileReference; lastKnownFileType = file.sks; name = ShipExplotionParticle.sks; path = Assets.xcassets/ShipExplotionParticle.sks; sourceTree = "<group>"; };
		ADFE1F361CED419300786423 /* spark.png */ = {isa = PBXFileReference; lastKnownFileType = image.png; name = spark.png; path = Assets.xcassets/spark.png; sourceTree = "<group>"; };
/* End PBXFileReference section */

/* Begin PBXFrameworksBuildPhase section */
		AD9438CE1CE3F69000196F7D /* Frameworks */ = {
			isa = PBXFrameworksBuildPhase;
			buildActionMask = 2147483647;
			files = (
			);
			runOnlyForDeploymentPostprocessing = 0;
		};
		AD9438E61CE3F69000196F7D /* Frameworks */ = {
			isa = PBXFrameworksBuildPhase;
			buildActionMask = 2147483647;
			files = (
			);
			runOnlyForDeploymentPostprocessing = 0;
		};
		AD9438F11CE3F69100196F7D /* Frameworks */ = {
			isa = PBXFrameworksBuildPhase;
			buildActionMask = 2147483647;
			files = (
			);
			runOnlyForDeploymentPostprocessing = 0;
		};
/* End PBXFrameworksBuildPhase section */

/* Begin PBXGroup section */
		AD047E751D42DC3800D7236C /* Assets */ = {
			isa = PBXGroup;
			children = (
				ADFE1F361CED419300786423 /* spark.png */,
				ADFE1F351CED419300786423 /* ShipExplotionParticle.sks */,
			);
			name = Assets;
			sourceTree = "<group>";
		};
		AD29AE481CF238DD0051B3DC /* Sounds */ = {
			isa = PBXGroup;
			children = (
				AD29AE4F1CF23E480051B3DC /* explosion.wav */,
				AD29AE491CF23B280051B3DC /* engine.wav */,
				AD29AE4B1CF23B280051B3DC /* shot.wav */,
			);
			name = Sounds;
			sourceTree = "<group>";
		};
		AD9438C81CE3F69000196F7D = {
			isa = PBXGroup;
			children = (
				AD9438D31CE3F69000196F7D /* SpriteKitPrueba1 */,
				AD9438EC1CE3F69000196F7D /* SpriteKitPrueba1Tests */,
				AD9438F71CE3F69100196F7D /* SpriteKitPrueba1UITests */,
				AD9438D21CE3F69000196F7D /* Products */,
			);
			sourceTree = "<group>";
		};
		AD9438D21CE3F69000196F7D /* Products */ = {
			isa = PBXGroup;
			children = (
				AD9438D11CE3F69000196F7D /* SpriteKitPrueba1.app */,
				AD9438E91CE3F69000196F7D /* SpriteKitPrueba1Tests.xctest */,
				AD9438F41CE3F69100196F7D /* SpriteKitPrueba1UITests.xctest */,
			);
			name = Products;
			sourceTree = "<group>";
		};
		AD9438D31CE3F69000196F7D /* SpriteKitPrueba1 */ = {
			isa = PBXGroup;
			children = (
				AD047E751D42DC3800D7236C /* Assets */,
				ADFA66C61D42CDAE00885A45 /* Helpers */,
				AD98D8F31D32DECE00B11BA8 /* Models */,
				ADA0D5181D307CFE0052E49D /* Business */,
				AD29AE481CF238DD0051B3DC /* Sounds */,
				AD9438D41CE3F69000196F7D /* AppDelegate.swift */,
				AD9438D61CE3F69000196F7D /* GameScene.sks */,
				AD9438D81CE3F69000196F7D /* GameScene.swift */,
				AD9438DA1CE3F69000196F7D /* GameViewController.swift */,
				AD9438DC1CE3F69000196F7D /* Main.storyboard */,
				AD09C9261CE6920D0093AB6B /* Assets.xcassets */,
				AD9438E11CE3F69000196F7D /* LaunchScreen.storyboard */,
				AD9438E41CE3F69000196F7D /* Info.plist */,
				ADCF42681CFB99C30088D102 /* GameStartScene.swift */,
				ADCF426A1CFBA1370088D102 /* GameStartScene.sks */,
				ADB67ADE1D0F7CE000E9DEB0 /* GameLostScene.sks */,
				ADB67AE01D0F7DCB00E9DEB0 /* GameLostScene.swift */,
				ADB67AE21D0F7F4400E9DEB0 /* GameWonScene.swift */,
				ADB67AE41D0F7F5C00E9DEB0 /* GameWonScene.sks */,
			);
			path = SpriteKitPrueba1;
			sourceTree = "<group>";
		};
		AD9438EC1CE3F69000196F7D /* SpriteKitPrueba1Tests */ = {
			isa = PBXGroup;
			children = (
				AD9438ED1CE3F69000196F7D /* SpriteKitPrueba1Tests.swift */,
				AD9438EF1CE3F69000196F7D /* Info.plist */,
				AD98D8EF1D32DBF000B11BA8 /* UserSpaceShipTests.swift */,
			);
			path = SpriteKitPrueba1Tests;
			sourceTree = "<group>";
		};
		AD9438F71CE3F69100196F7D /* SpriteKitPrueba1UITests */ = {
			isa = PBXGroup;
			children = (
				AD9438F81CE3F69100196F7D /* SpriteKitPrueba1UITests.swift */,
				AD9438FA1CE3F69100196F7D /* Info.plist */,
			);
			path = SpriteKitPrueba1UITests;
			sourceTree = "<group>";
		};
		AD98D8F31D32DECE00B11BA8 /* Models */ = {
			isa = PBXGroup;
			children = (
				AD98D8F41D32DEE400B11BA8 /* PhysicsCategory.swift */,
			);
			name = Models;
			sourceTree = "<group>";
		};
		ADA0D5181D307CFE0052E49D /* Business */ = {
			isa = PBXGroup;
			children = (
				ADA0D5191D307D2E0052E49D /* ScoreBusiness.swift */,
				AD98D8F11D32DC2700B11BA8 /* UserSpaceShip.swift */,
				ADFA66BC1D42C07200885A45 /* UfoSpaceShip.swift */,
				ADFA66BE1D42C32F00885A45 /* EnemySpaceShipBase.swift */,
				ADFA66C01D42C46900885A45 /* SpaceShipBase.swift */,
				ADFA66C21D42C9BE00885A45 /* EnemySpaceShip.swift */,
				AD2927461D44428700B16BAA /* UserSpaceShipShot.swift */,
				AD23238A1D4D810600A7B03A /* UserLife.swift */,
			);
			name = Business;
			sourceTree = "<group>";
		};
		ADFA66C61D42CDAE00885A45 /* Helpers */ = {
			isa = PBXGroup;
			children = (
				ADFA66C41D42CD0600885A45 /* MathHelper.swift */,
			);
			name = Helpers;
			sourceTree = "<group>";
		};
/* End PBXGroup section */

/* Begin PBXNativeTarget section */
		AD9438D01CE3F69000196F7D /* SpriteKitPrueba1 */ = {
			isa = PBXNativeTarget;
			buildConfigurationList = AD9438FD1CE3F69100196F7D /* Build configuration list for PBXNativeTarget "SpriteKitPrueba1" */;
			buildPhases = (
				AD9438CD1CE3F69000196F7D /* Sources */,
				AD9438CE1CE3F69000196F7D /* Frameworks */,
				AD9438CF1CE3F69000196F7D /* Resources */,
			);
			buildRules = (
			);
			dependencies = (
			);
			name = SpriteKitPrueba1;
			productName = SpriteKitPrueba1;
			productReference = AD9438D11CE3F69000196F7D /* SpriteKitPrueba1.app */;
			productType = "com.apple.product-type.application";
		};
		AD9438E81CE3F69000196F7D /* SpriteKitPrueba1Tests */ = {
			isa = PBXNativeTarget;
			buildConfigurationList = AD9439001CE3F69100196F7D /* Build configuration list for PBXNativeTarget "SpriteKitPrueba1Tests" */;
			buildPhases = (
				AD9438E51CE3F69000196F7D /* Sources */,
				AD9438E61CE3F69000196F7D /* Frameworks */,
				AD9438E71CE3F69000196F7D /* Resources */,
			);
			buildRules = (
			);
			dependencies = (
				AD9438EB1CE3F69000196F7D /* PBXTargetDependency */,
			);
			name = SpriteKitPrueba1Tests;
			productName = SpriteKitPrueba1Tests;
			productReference = AD9438E91CE3F69000196F7D /* SpriteKitPrueba1Tests.xctest */;
			productType = "com.apple.product-type.bundle.unit-test";
		};
		AD9438F31CE3F69100196F7D /* SpriteKitPrueba1UITests */ = {
			isa = PBXNativeTarget;
			buildConfigurationList = AD9439031CE3F69100196F7D /* Build configuration list for PBXNativeTarget "SpriteKitPrueba1UITests" */;
			buildPhases = (
				AD9438F01CE3F69100196F7D /* Sources */,
				AD9438F11CE3F69100196F7D /* Frameworks */,
				AD9438F21CE3F69100196F7D /* Resources */,
			);
			buildRules = (
			);
			dependencies = (
				AD9438F61CE3F69100196F7D /* PBXTargetDependency */,
			);
			name = SpriteKitPrueba1UITests;
			productName = SpriteKitPrueba1UITests;
			productReference = AD9438F41CE3F69100196F7D /* SpriteKitPrueba1UITests.xctest */;
			productType = "com.apple.product-type.bundle.ui-testing";
		};
/* End PBXNativeTarget section */

/* Begin PBXProject section */
		AD9438C91CE3F69000196F7D /* Project object */ = {
			isa = PBXProject;
			attributes = {
				LastSwiftUpdateCheck = 0730;
				LastUpgradeCheck = 0730;
				ORGANIZATIONNAME = Maximiliano;
				TargetAttributes = {
					AD9438D01CE3F69000196F7D = {
						CreatedOnToolsVersion = 7.3;
					};
					AD9438E81CE3F69000196F7D = {
						CreatedOnToolsVersion = 7.3;
						TestTargetID = AD9438D01CE3F69000196F7D;
					};
					AD9438F31CE3F69100196F7D = {
						CreatedOnToolsVersion = 7.3;
						TestTargetID = AD9438D01CE3F69000196F7D;
					};
				};
			};
			buildConfigurationList = AD9438CC1CE3F69000196F7D /* Build configuration list for PBXProject "SpriteKitPrueba1" */;
			compatibilityVersion = "Xcode 3.2";
			developmentRegion = English;
			hasScannedForEncodings = 0;
			knownRegions = (
				en,
				Base,
			);
			mainGroup = AD9438C81CE3F69000196F7D;
			productRefGroup = AD9438D21CE3F69000196F7D /* Products */;
			projectDirPath = "";
			projectRoot = "";
			targets = (
				AD9438D01CE3F69000196F7D /* SpriteKitPrueba1 */,
				AD9438E81CE3F69000196F7D /* SpriteKitPrueba1Tests */,
				AD9438F31CE3F69100196F7D /* SpriteKitPrueba1UITests */,
			);
		};
/* End PBXProject section */

/* Begin PBXResourcesBuildPhase section */
		AD9438CF1CE3F69000196F7D /* Resources */ = {
			isa = PBXResourcesBuildPhase;
			buildActionMask = 2147483647;
			files = (
				AD29AE501CF23E480051B3DC /* explosion.wav in Resources */,
				AD29AE4C1CF23B280051B3DC /* engine.wav in Resources */,
				AD9438D71CE3F69000196F7D /* GameScene.sks in Resources */,
				ADB67AE51D0F7F5C00E9DEB0 /* GameWonScene.sks in Resources */,
				ADFE1F381CED419300786423 /* spark.png in Resources */,
				AD9438E31CE3F69000196F7D /* LaunchScreen.storyboard in Resources */,
				AD9438DE1CE3F69000196F7D /* Main.storyboard in Resources */,
				AD29AE4E1CF23B280051B3DC /* shot.wav in Resources */,
				ADB67ADF1D0F7CE000E9DEB0 /* GameLostScene.sks in Resources */,
				ADFE1F371CED419300786423 /* ShipExplotionParticle.sks in Resources */,
				ADCF426B1CFBA1370088D102 /* GameStartScene.sks in Resources */,
				AD09C9271CE6920D0093AB6B /* Assets.xcassets in Resources */,
			);
			runOnlyForDeploymentPostprocessing = 0;
		};
		AD9438E71CE3F69000196F7D /* Resources */ = {
			isa = PBXResourcesBuildPhase;
			buildActionMask = 2147483647;
			files = (
			);
			runOnlyForDeploymentPostprocessing = 0;
		};
		AD9438F21CE3F69100196F7D /* Resources */ = {
			isa = PBXResourcesBuildPhase;
			buildActionMask = 2147483647;
			files = (
			);
			runOnlyForDeploymentPostprocessing = 0;
		};
/* End PBXResourcesBuildPhase section */

/* Begin PBXSourcesBuildPhase section */
		AD9438CD1CE3F69000196F7D /* Sources */ = {
			isa = PBXSourcesBuildPhase;
			buildActionMask = 2147483647;
			files = (
				AD9438D91CE3F69000196F7D /* GameScene.swift in Sources */,
				ADCF42691CFB99C30088D102 /* GameStartScene.swift in Sources */,
				ADFA66C31D42C9BE00885A45 /* EnemySpaceShip.swift in Sources */,
				AD9438DB1CE3F69000196F7D /* GameViewController.swift in Sources */,
				ADFA66BD1D42C07200885A45 /* UfoSpaceShip.swift in Sources */,
				ADFA66C51D42CD0600885A45 /* MathHelper.swift in Sources */,
				ADB67AE31D0F7F4400E9DEB0 /* GameWonScene.swift in Sources */,
				ADFA66BF1D42C32F00885A45 /* EnemySpaceShipBase.swift in Sources */,
				AD23238B1D4D810600A7B03A /* UserLife.swift in Sources */,
				AD98D8F21D32DC2700B11BA8 /* UserSpaceShip.swift in Sources */,
				ADA0D51A1D307D2E0052E49D /* ScoreBusiness.swift in Sources */,
				AD9438D51CE3F69000196F7D /* AppDelegate.swift in Sources */,
				ADFA66C11D42C46900885A45 /* SpaceShipBase.swift in Sources */,
				AD98D8F51D32DEE400B11BA8 /* PhysicsCategory.swift in Sources */,
				ADB67AE11D0F7DCB00E9DEB0 /* GameLostScene.swift in Sources */,
				AD2927471D44428700B16BAA /* UserSpaceShipShot.swift in Sources */,
			);
			runOnlyForDeploymentPostprocessing = 0;
		};
		AD9438E51CE3F69000196F7D /* Sources */ = {
			isa = PBXSourcesBuildPhase;
			buildActionMask = 2147483647;
			files = (
				AD98D8F01D32DBF000B11BA8 /* UserSpaceShipTests.swift in Sources */,
				AD9438EE1CE3F69000196F7D /* SpriteKitPrueba1Tests.swift in Sources */,
			);
			runOnlyForDeploymentPostprocessing = 0;
		};
		AD9438F01CE3F69100196F7D /* Sources */ = {
			isa = PBXSourcesBuildPhase;
			buildActionMask = 2147483647;
			files = (
				AD9438F91CE3F69100196F7D /* SpriteKitPrueba1UITests.swift in Sources */,
			);
			runOnlyForDeploymentPostprocessing = 0;
		};
/* End PBXSourcesBuildPhase section */

/* Begin PBXTargetDependency section */
		AD9438EB1CE3F69000196F7D /* PBXTargetDependency */ = {
			isa = PBXTargetDependency;
			target = AD9438D01CE3F69000196F7D /* SpriteKitPrueba1 */;
			targetProxy = AD9438EA1CE3F69000196F7D /* PBXContainerItemProxy */;
		};
		AD9438F61CE3F69100196F7D /* PBXTargetDependency */ = {
			isa = PBXTargetDependency;
			target = AD9438D01CE3F69000196F7D /* SpriteKitPrueba1 */;
			targetProxy = AD9438F51CE3F69100196F7D /* PBXContainerItemProxy */;
		};
/* End PBXTargetDependency section */

/* Begin PBXVariantGroup section */
		AD9438DC1CE3F69000196F7D /* Main.storyboard */ = {
			isa = PBXVariantGroup;
			children = (
				AD9438DD1CE3F69000196F7D /* Base */,
			);
			name = Main.storyboard;
			sourceTree = "<group>";
		};
		AD9438E11CE3F69000196F7D /* LaunchScreen.storyboard */ = {
			isa = PBXVariantGroup;
			children = (
				AD9438E21CE3F69000196F7D /* Base */,
			);
			name = LaunchScreen.storyboard;
			sourceTree = "<group>";
		};
/* End PBXVariantGroup section */

/* Begin XCBuildConfiguration section */
		AD9438FB1CE3F69100196F7D /* Debug */ = {
			isa = XCBuildConfiguration;
			buildSettings = {
				ALWAYS_SEARCH_USER_PATHS = NO;
				CLANG_ANALYZER_NONNULL = YES;
				CLANG_CXX_LANGUAGE_STANDARD = "gnu++0x";
				CLANG_CXX_LIBRARY = "libc++";
				CLANG_ENABLE_MODULES = YES;
				CLANG_ENABLE_OBJC_ARC = YES;
				CLANG_WARN_BOOL_CONVERSION = YES;
				CLANG_WARN_CONSTANT_CONVERSION = YES;
				CLANG_WARN_DIRECT_OBJC_ISA_USAGE = YES_ERROR;
				CLANG_WARN_EMPTY_BODY = YES;
				CLANG_WARN_ENUM_CONVERSION = YES;
				CLANG_WARN_INT_CONVERSION = YES;
				CLANG_WARN_OBJC_ROOT_CLASS = YES_ERROR;
				CLANG_WARN_UNREACHABLE_CODE = YES;
				CLANG_WARN__DUPLICATE_METHOD_MATCH = YES;
				"CODE_SIGN_IDENTITY[sdk=iphoneos*]" = "iPhone Developer";
				COPY_PHASE_STRIP = NO;
				DEBUG_INFORMATION_FORMAT = "dwarf-with-dsym";
				ENABLE_STRICT_OBJC_MSGSEND = YES;
				ENABLE_TESTABILITY = YES;
				GCC_C_LANGUAGE_STANDARD = gnu99;
				GCC_DYNAMIC_NO_PIC = NO;
				GCC_NO_COMMON_BLOCKS = YES;
				GCC_OPTIMIZATION_LEVEL = 0;
				GCC_PREPROCESSOR_DEFINITIONS = (
					"DEBUG=1",
					"$(inherited)",
				);
				GCC_WARN_64_TO_32_BIT_CONVERSION = YES;
				GCC_WARN_ABOUT_RETURN_TYPE = YES_ERROR;
				GCC_WARN_UNDECLARED_SELECTOR = YES;
				GCC_WARN_UNINITIALIZED_AUTOS = YES_AGGRESSIVE;
				GCC_WARN_UNUSED_FUNCTION = YES;
				GCC_WARN_UNUSED_VARIABLE = YES;
				IPHONEOS_DEPLOYMENT_TARGET = 9.3;
				MTL_ENABLE_DEBUG_INFO = YES;
				ONLY_ACTIVE_ARCH = YES;
				SDKROOT = iphoneos;
				SWIFT_OPTIMIZATION_LEVEL = "-Onone";
				TARGETED_DEVICE_FAMILY = "1,2";
			};
			name = Debug;
		};
		AD9438FC1CE3F69100196F7D /* Release */ = {
			isa = XCBuildConfiguration;
			buildSettings = {
				ALWAYS_SEARCH_USER_PATHS = NO;
				CLANG_ANALYZER_NONNULL = YES;
				CLANG_CXX_LANGUAGE_STANDARD = "gnu++0x";
				CLANG_CXX_LIBRARY = "libc++";
				CLANG_ENABLE_MODULES = YES;
				CLANG_ENABLE_OBJC_ARC = YES;
				CLANG_WARN_BOOL_CONVERSION = YES;
				CLANG_WARN_CONSTANT_CONVERSION = YES;
				CLANG_WARN_DIRECT_OBJC_ISA_USAGE = YES_ERROR;
				CLANG_WARN_EMPTY_BODY = YES;
				CLANG_WARN_ENUM_CONVERSION = YES;
				CLANG_WARN_INT_CONVERSION = YES;
				CLANG_WARN_OBJC_ROOT_CLASS = YES_ERROR;
				CLANG_WARN_UNREACHABLE_CODE = YES;
				CLANG_WARN__DUPLICATE_METHOD_MATCH = YES;
				"CODE_SIGN_IDENTITY[sdk=iphoneos*]" = "iPhone Developer";
				COPY_PHASE_STRIP = NO;
				DEBUG_INFORMATION_FORMAT = "dwarf-with-dsym";
				ENABLE_NS_ASSERTIONS = NO;
				ENABLE_STRICT_OBJC_MSGSEND = YES;
				GCC_C_LANGUAGE_STANDARD = gnu99;
				GCC_NO_COMMON_BLOCKS = YES;
				GCC_WARN_64_TO_32_BIT_CONVERSION = YES;
				GCC_WARN_ABOUT_RETURN_TYPE = YES_ERROR;
				GCC_WARN_UNDECLARED_SELECTOR = YES;
				GCC_WARN_UNINITIALIZED_AUTOS = YES_AGGRESSIVE;
				GCC_WARN_UNUSED_FUNCTION = YES;
				GCC_WARN_UNUSED_VARIABLE = YES;
				IPHONEOS_DEPLOYMENT_TARGET = 9.3;
				MTL_ENABLE_DEBUG_INFO = NO;
				SDKROOT = iphoneos;
				TARGETED_DEVICE_FAMILY = "1,2";
				VALIDATE_PRODUCT = YES;
			};
			name = Release;
		};
		AD9438FE1CE3F69100196F7D /* Debug */ = {
			isa = XCBuildConfiguration;
			buildSettings = {
				ASSETCATALOG_COMPILER_APPICON_NAME = AppIcon;
				INFOPLIST_FILE = SpriteKitPrueba1/Info.plist;
				LD_RUNPATH_SEARCH_PATHS = "$(inherited) @executable_path/Frameworks";
				PRODUCT_BUNDLE_IDENTIFIER = Game.SpriteKitPrueba1;
				PRODUCT_NAME = "$(TARGET_NAME)";
			};
			name = Debug;
		};
		AD9438FF1CE3F69100196F7D /* Release */ = {
			isa = XCBuildConfiguration;
			buildSettings = {
				ASSETCATALOG_COMPILER_APPICON_NAME = AppIcon;
				INFOPLIST_FILE = SpriteKitPrueba1/Info.plist;
				LD_RUNPATH_SEARCH_PATHS = "$(inherited) @executable_path/Frameworks";
				PRODUCT_BUNDLE_IDENTIFIER = Game.SpriteKitPrueba1;
				PRODUCT_NAME = "$(TARGET_NAME)";
			};
			name = Release;
		};
		AD9439011CE3F69100196F7D /* Debug */ = {
			isa = XCBuildConfiguration;
			buildSettings = {
				BUNDLE_LOADER = "$(TEST_HOST)";
				DEBUG_INFORMATION_FORMAT = dwarf;
				INFOPLIST_FILE = SpriteKitPrueba1Tests/Info.plist;
				LD_RUNPATH_SEARCH_PATHS = "$(inherited) @executable_path/Frameworks @loader_path/Frameworks";
				PRODUCT_BUNDLE_IDENTIFIER = Game.SpriteKitPrueba1Tests;
				PRODUCT_NAME = "$(TARGET_NAME)";
				TEST_HOST = "$(BUILT_PRODUCTS_DIR)/SpriteKitPrueba1.app/SpriteKitPrueba1";
			};
			name = Debug;
		};
		AD9439021CE3F69100196F7D /* Release */ = {
			isa = XCBuildConfiguration;
			buildSettings = {
				BUNDLE_LOADER = "$(TEST_HOST)";
				INFOPLIST_FILE = SpriteKitPrueba1Tests/Info.plist;
				LD_RUNPATH_SEARCH_PATHS = "$(inherited) @executable_path/Frameworks @loader_path/Frameworks";
				PRODUCT_BUNDLE_IDENTIFIER = Game.SpriteKitPrueba1Tests;
				PRODUCT_NAME = "$(TARGET_NAME)";
				TEST_HOST = "$(BUILT_PRODUCTS_DIR)/SpriteKitPrueba1.app/SpriteKitPrueba1";
			};
			name = Release;
		};
		AD9439041CE3F69100196F7D /* Debug */ = {
			isa = XCBuildConfiguration;
			buildSettings = {
				DEBUG_INFORMATION_FORMAT = dwarf;
				INFOPLIST_FILE = SpriteKitPrueba1UITests/Info.plist;
				LD_RUNPATH_SEARCH_PATHS = "$(inherited) @executable_path/Frameworks @loader_path/Frameworks";
				PRODUCT_BUNDLE_IDENTIFIER = Game.SpriteKitPrueba1UITests;
				PRODUCT_NAME = "$(TARGET_NAME)";
				TEST_TARGET_NAME = SpriteKitPrueba1;
			};
			name = Debug;
		};
		AD9439051CE3F69100196F7D /* Release */ = {
			isa = XCBuildConfiguration;
			buildSettings = {
				INFOPLIST_FILE = SpriteKitPrueba1UITests/Info.plist;
				LD_RUNPATH_SEARCH_PATHS = "$(inherited) @executable_path/Frameworks @loader_path/Frameworks";
				PRODUCT_BUNDLE_IDENTIFIER = Game.SpriteKitPrueba1UITests;
				PRODUCT_NAME = "$(TARGET_NAME)";
				TEST_TARGET_NAME = SpriteKitPrueba1;
			};
			name = Release;
		};
/* End XCBuildConfiguration section */

/* Begin XCConfigurationList section */
		AD9438CC1CE3F69000196F7D /* Build configuration list for PBXProject "SpriteKitPrueba1" */ = {
			isa = XCConfigurationList;
			buildConfigurations = (
				AD9438FB1CE3F69100196F7D /* Debug */,
				AD9438FC1CE3F69100196F7D /* Release */,
			);
			defaultConfigurationIsVisible = 0;
			defaultConfigurationName = Release;
		};
		AD9438FD1CE3F69100196F7D /* Build configuration list for PBXNativeTarget "SpriteKitPrueba1" */ = {
			isa = XCConfigurationList;
			buildConfigurations = (
				AD9438FE1CE3F69100196F7D /* Debug */,
				AD9438FF1CE3F69100196F7D /* Release */,
			);
			defaultConfigurationIsVisible = 0;
			defaultConfigurationName = Release;
		};
		AD9439001CE3F69100196F7D /* Build configuration list for PBXNativeTarget "SpriteKitPrueba1Tests" */ = {
			isa = XCConfigurationList;
			buildConfigurations = (
				AD9439011CE3F69100196F7D /* Debug */,
				AD9439021CE3F69100196F7D /* Release */,
			);
			defaultConfigurationIsVisible = 0;
			defaultConfigurationName = Release;
		};
		AD9439031CE3F69100196F7D /* Build configuration list for PBXNativeTarget "SpriteKitPrueba1UITests" */ = {
			isa = XCConfigurationList;
			buildConfigurations = (
				AD9439041CE3F69100196F7D /* Debug */,
				AD9439051CE3F69100196F7D /* Release */,
			);
			defaultConfigurationIsVisible = 0;
			defaultConfigurationName = Release;
		};
/* End XCConfigurationList section */
	};
	rootObject = AD9438C91CE3F69000196F7D /* Project object */;
}
